{
  "originHash" : "7107789e73ca022d6f5fa854b8033ee24f998dbcb795b016da8bc01e7f1d6512",
  "pins" : [
    {
      "identity" : "permissionflow",
      "kind" : "remoteSourceControl",
      "location" : "https://github.com/lifedever/PermissionFlow.git",
      "state" : {
        "revision" : "32b37a4e0dad92072501a114602900efbd9af903",
        "version" : "0.1.1"
      }
    }
  ],
  "version" : 3
}
